{
  "requires": true,
  "lockfileVersion": 1,
  "dependencies": {
    "@remix-run/router": {
      "version": "1.13.0",
      "resolved": "https://registry.npmjs.org/@remix-run/router/-/router-1.13.0.tgz",
      "integrity": "sha512-5dMOnVnefRsl4uRnAdoWjtVTdh8e6aZqgM4puy9nmEADH72ck+uXwzpJLEKE9Q6F8ZljNewLgmTfkxUrBdv4WA=="
    },
    "react-router": {
      "version": "6.20.0",
      "resolved": "https://registry.npmjs.org/react-router/-/react-router-6.20.0.tgz",
      "integrity": "sha512-pVvzsSsgUxxtuNfTHC4IxjATs10UaAtvLGVSA1tbUE4GDaOSU1Esu2xF5nWLz7KPiMuW8BJWuPFdlGYJ7/rW0w==",
      "requires": {
        "@remix-run/router": "1.13.0"
      }
    },
    "react-router-dom": {
      "version": "6.20.0",
      "resolved": "https://registry.npmjs.org/react-router-dom/-/react-router-dom-6.20.0.tgz",
      "integrity": "sha512-CbcKjEyiSVpA6UtCHOIYLUYn/UJfwzp55va4yEfpk7JBN3GPqWfHrdLkAvNCcpXr8QoihcDMuk0dzWZxtlB/mQ==",
      "requires": {
        "@remix-run/router": "1.13.0",
        "react-router": "6.20.0"
      }
    }
  }
}
